
Microsoft Visual Studio Solution File, Format Version 12.00
# Visual Studio Version 16
VisualStudioVersion = 16.0.32929.386
MinimumVisualStudioVersion = 10.0.40219.1
Project("{8BC9CEB8-8B4A-11D0-8D11-00A0C91BC942}") = "Socoban", "Socoban.vcxproj", "{2DD8FB8B-AAD7-4555-A46E-9AAEE884F96B}"
EndProject
Global
	GlobalSection(SolutionConfigurationPlatforms) = preSolution
		Debug|x64 = Debug|x64
		Debug|x86 = Debug|x86
		Release|x64 = Release|x64
		Release|x86 = Release|x86
	EndGlobalSection
	GlobalSection(ProjectConfigurationPlatforms) = postSolution
		{2DD8FB8B-AAD7-4555-A46E-9AAEE884F96B}.Debug|x64.ActiveCfg = Debug|x64
		{2DD8FB8B-AAD7-4555-A46E-9AAEE884F96B}.Debug|x64.Build.0 = Debug|x64
		{2DD8FB8B-AAD7-4555-A46E-9AAEE884F96B}.Debug|x86.ActiveCfg = Debug|Win32
		{2DD8FB8B-AAD7-4555-A46E-9AAEE884F96B}.Debug|x86.Build.0 = Debug|Win32
		{2DD8FB8B-AAD7-4555-A46E-9AAEE884F96B}.Release|x64.ActiveCfg = Release|x64
		{2DD8FB8B-AAD7-4555-A46E-9AAEE884F96B}.Release|x64.Build.0 = Release|x64
		{2DD8FB8B-AAD7-4555-A46E-9AAEE884F96B}.Release|x86.ActiveCfg = Release|Win32
		{2DD8FB8B-AAD7-4555-A46E-9AAEE884F96B}.Release|x86.Build.0 = Release|Win32
	EndGlobalSection
	GlobalSection(SolutionProperties) = preSolution
		HideSolutionNode = FALSE
	EndGlobalSection
	GlobalSection(ExtensibilityGlobals) = postSolution
		SolutionGuid = {FBD38A82-0329-4C7B-A0D0-268AC9788D7D}
	EndGlobalSection
EndGlobal
